
Microsoft Visual Studio Solution File, Format Version 12.00
# Visual Studio Version 16
VisualStudioVersion = 16.0.30204.135
MinimumVisualStudioVersion = 10.0.40219.1
Project("{9A19103F-16F7-4668-BE54-9A1E7A4F7556}") = "Assignment2", "Assignment2\Assignment2.csproj", "{51545CFF-FE46-43CF-85D1-37105CF1E8F4}"
EndProject
Project("{9A19103F-16F7-4668-BE54-9A1E7A4F7556}") = "Assignment2.Data", "Assignment2.Data\Assignment2.Data.csproj", "{029671E0-59A2-4BE4-AB2E-D9E9A1E083DB}"
EndProject
Project("{9A19103F-16F7-4668-BE54-9A1E7A4F7556}") = "Assignment2.App", "Assignment2.App\Assignment2.App.csproj", "{B32A6091-C10C-4DB4-A86F-D74D66DECF9B}"
EndProject
Project("{9A19103F-16F7-4668-BE54-9A1E7A4F7556}") = "Assignment2.BackendAPI", "Assignment2.BackendAPI\Assignment2.BackendAPI.csproj", "{5AA539B5-9C23-4404-8A92-F76992C16B0F}"
EndProject
Global
	GlobalSection(SolutionConfigurationPlatforms) = preSolution
		Debug|Any CPU = Debug|Any CPU
		Release|Any CPU = Release|Any CPU
	EndGlobalSection
	GlobalSection(ProjectConfigurationPlatforms) = postSolution
		{51545CFF-FE46-43CF-85D1-37105CF1E8F4}.Debug|Any CPU.ActiveCfg = Debug|Any CPU
		{51545CFF-FE46-43CF-85D1-37105CF1E8F4}.Debug|Any CPU.Build.0 = Debug|Any CPU
		{51545CFF-FE46-43CF-85D1-37105CF1E8F4}.Release|Any CPU.ActiveCfg = Release|Any CPU
		{51545CFF-FE46-43CF-85D1-37105CF1E8F4}.Release|Any CPU.Build.0 = Release|Any CPU
		{029671E0-59A2-4BE4-AB2E-D9E9A1E083DB}.Debug|Any CPU.ActiveCfg = Debug|Any CPU
		{029671E0-59A2-4BE4-AB2E-D9E9A1E083DB}.Debug|Any CPU.Build.0 = Debug|Any CPU
		{029671E0-59A2-4BE4-AB2E-D9E9A1E083DB}.Release|Any CPU.ActiveCfg = Release|Any CPU
		{029671E0-59A2-4BE4-AB2E-D9E9A1E083DB}.Release|Any CPU.Build.0 = Release|Any CPU
		{B32A6091-C10C-4DB4-A86F-D74D66DECF9B}.Debug|Any CPU.ActiveCfg = Debug|Any CPU
		{B32A6091-C10C-4DB4-A86F-D74D66DECF9B}.Debug|Any CPU.Build.0 = Debug|Any CPU
		{B32A6091-C10C-4DB4-A86F-D74D66DECF9B}.Release|Any CPU.ActiveCfg = Release|Any CPU
		{B32A6091-C10C-4DB4-A86F-D74D66DECF9B}.Release|Any CPU.Build.0 = Release|Any CPU
		{5AA539B5-9C23-4404-8A92-F76992C16B0F}.Debug|Any CPU.ActiveCfg = Debug|Any CPU
		{5AA539B5-9C23-4404-8A92-F76992C16B0F}.Debug|Any CPU.Build.0 = Debug|Any CPU
		{5AA539B5-9C23-4404-8A92-F76992C16B0F}.Release|Any CPU.ActiveCfg = Release|Any CPU
		{5AA539B5-9C23-4404-8A92-F76992C16B0F}.Release|Any CPU.Build.0 = Release|Any CPU
	EndGlobalSection
	GlobalSection(SolutionProperties) = preSolution
		HideSolutionNode = FALSE
	EndGlobalSection
	GlobalSection(ExtensibilityGlobals) = postSolution
		SolutionGuid = {5B20541C-8C03-48BD-B227-240D82C7F7CA}
	EndGlobalSection
EndGlobal
